
Microsoft Visual Studio Solution File, Format Version 12.00
# Visual Studio 14
VisualStudioVersion = 14.0.23107.0
MinimumVisualStudioVersion = 10.0.40219.1
Project("{FAE04EC0-301F-11D3-BF4B-00C04F79EFBC}") = "PtProject", "PtProject\PtProject.csproj", "{FA40636D-B2A4-41DB-BE3D-7FEC30A20641}"
EndProject
Global
	GlobalSection(SolutionConfigurationPlatforms) = preSolution
		Debug|Any CPU = Debug|Any CPU
		Release|Any CPU = Release|Any CPU
	EndGlobalSection
	GlobalSection(ProjectConfigurationPlatforms) = postSolution
		{FA40636D-B2A4-41DB-BE3D-7FEC30A20641}.Debug|Any CPU.ActiveCfg = Debug|Any CPU
		{FA40636D-B2A4-41DB-BE3D-7FEC30A20641}.Debug|Any CPU.Build.0 = Debug|Any CPU
		{FA40636D-B2A4-41DB-BE3D-7FEC30A20641}.Release|Any CPU.ActiveCfg = Release|Any CPU
		{FA40636D-B2A4-41DB-BE3D-7FEC30A20641}.Release|Any CPU.Build.0 = Release|Any CPU
	EndGlobalSection
	GlobalSection(SolutionProperties) = preSolution
		HideSolutionNode = FALSE
	EndGlobalSection
EndGlobal
